
Microsoft Visual Studio Solution File, Format Version 12.00
# Visual Studio Version 17
VisualStudioVersion = 17.2.32616.157
MinimumVisualStudioVersion = 10.0.40219.1
Project("{FAE04EC0-301F-11D3-BF4B-00C04F79EFBC}") = "WebNotas_ASP.NETv01", "WebNotas_ASP.NETv01.csproj", "{2C91B24E-EBAA-4A82-A356-89709D47BBB3}"
EndProject
Global
	GlobalSection(SolutionConfigurationPlatforms) = preSolution
		Debug|Any CPU = Debug|Any CPU
		Release|Any CPU = Release|Any CPU
	EndGlobalSection
	GlobalSection(ProjectConfigurationPlatforms) = postSolution
		{2C91B24E-EBAA-4A82-A356-89709D47BBB3}.Debug|Any CPU.ActiveCfg = Debug|Any CPU
		{2C91B24E-EBAA-4A82-A356-89709D47BBB3}.Debug|Any CPU.Build.0 = Debug|Any CPU
		{2C91B24E-EBAA-4A82-A356-89709D47BBB3}.Release|Any CPU.ActiveCfg = Release|Any CPU
		{2C91B24E-EBAA-4A82-A356-89709D47BBB3}.Release|Any CPU.Build.0 = Release|Any CPU
	EndGlobalSection
	GlobalSection(SolutionProperties) = preSolution
		HideSolutionNode = FALSE
	EndGlobalSection
	GlobalSection(ExtensibilityGlobals) = postSolution
		SolutionGuid = {419C564F-33F2-43E2-90D5-D29220A49D7A}
	EndGlobalSection
EndGlobal
